
Microsoft Visual Studio Solution File, Format Version 12.00
# Visual Studio Version 16
VisualStudioVersion = 16.0.810.11
MinimumVisualStudioVersion = 10.0.40219.1
Project("{FAE04EC0-301F-11D3-BF4B-00C04F79EFBC}") = "2ndlesson-2ndtask", "2ndlesson-2ndtask\2ndlesson-2ndtask.csproj", "{4BEA540A-B9F2-4F5B-83F5-EDF7291B1439}"
EndProject
Global
	GlobalSection(SolutionConfigurationPlatforms) = preSolution
		Debug|Any CPU = Debug|Any CPU
		Release|Any CPU = Release|Any CPU
	EndGlobalSection
	GlobalSection(ProjectConfigurationPlatforms) = postSolution
		{4BEA540A-B9F2-4F5B-83F5-EDF7291B1439}.Debug|Any CPU.ActiveCfg = Debug|Any CPU
		{4BEA540A-B9F2-4F5B-83F5-EDF7291B1439}.Debug|Any CPU.Build.0 = Debug|Any CPU
		{4BEA540A-B9F2-4F5B-83F5-EDF7291B1439}.Release|Any CPU.ActiveCfg = Release|Any CPU
		{4BEA540A-B9F2-4F5B-83F5-EDF7291B1439}.Release|Any CPU.Build.0 = Release|Any CPU
	EndGlobalSection
	GlobalSection(SolutionProperties) = preSolution
		HideSolutionNode = FALSE
	EndGlobalSection
	GlobalSection(ExtensibilityGlobals) = postSolution
		SolutionGuid = {1CDB96C1-0776-49E4-A86F-070132BCB0B4}
	EndGlobalSection
EndGlobal
