
Microsoft Visual Studio Solution File, Format Version 12.00
# Visual Studio Version 16
VisualStudioVersion = 16.0.810.10
MinimumVisualStudioVersion = 10.0.40219.1
Project("{FAE04EC0-301F-11D3-BF4B-00C04F79EFBC}") = "5th-task", "5th-task\5th-task.csproj", "{60C23CF2-95C5-4358-BFD3-19F6797EA009}"
EndProject
Global
	GlobalSection(SolutionConfigurationPlatforms) = preSolution
		Debug|Any CPU = Debug|Any CPU
		Release|Any CPU = Release|Any CPU
	EndGlobalSection
	GlobalSection(ProjectConfigurationPlatforms) = postSolution
		{60C23CF2-95C5-4358-BFD3-19F6797EA009}.Debug|Any CPU.ActiveCfg = Debug|Any CPU
		{60C23CF2-95C5-4358-BFD3-19F6797EA009}.Debug|Any CPU.Build.0 = Debug|Any CPU
		{60C23CF2-95C5-4358-BFD3-19F6797EA009}.Release|Any CPU.ActiveCfg = Release|Any CPU
		{60C23CF2-95C5-4358-BFD3-19F6797EA009}.Release|Any CPU.Build.0 = Release|Any CPU
	EndGlobalSection
	GlobalSection(SolutionProperties) = preSolution
		HideSolutionNode = FALSE
	EndGlobalSection
	GlobalSection(ExtensibilityGlobals) = postSolution
		SolutionGuid = {8B1BD6D4-0474-4E8B-90C2-7941BB0F0557}
	EndGlobalSection
EndGlobal
